
Microsoft Visual Studio Solution File, Format Version 12.00
# Visual Studio Version 16
VisualStudioVersion = 16.0.33328.57
MinimumVisualStudioVersion = 10.0.40219.1
Project("{FAE04EC0-301F-11D3-BF4B-00C04F79EFBC}") = "LCDTester", "LCDTester\LCDTester.csproj", "{80CE2CD5-81F2-4174-AEBC-F53A79B246E3}"
EndProject
Project("{FAE04EC0-301F-11D3-BF4B-00C04F79EFBC}") = "CustomControls", "CustomControls\CustomControls.csproj", "{06AF7C18-81D3-434B-8993-9E5ECBD16ED8}"
EndProject
Project("{FAE04EC0-301F-11D3-BF4B-00C04F79EFBC}") = "CommonLib", "CommonLib\CommonLib.csproj", "{A3CAD6E3-8327-43CA-A1F0-582C2A10C88B}"
EndProject
Global
	GlobalSection(SolutionConfigurationPlatforms) = preSolution
		Debug|Any CPU = Debug|Any CPU
		Release|Any CPU = Release|Any CPU
	EndGlobalSection
	GlobalSection(ProjectConfigurationPlatforms) = postSolution
		{80CE2CD5-81F2-4174-AEBC-F53A79B246E3}.Debug|Any CPU.ActiveCfg = Debug|Any CPU
		{80CE2CD5-81F2-4174-AEBC-F53A79B246E3}.Debug|Any CPU.Build.0 = Debug|Any CPU
		{80CE2CD5-81F2-4174-AEBC-F53A79B246E3}.Release|Any CPU.ActiveCfg = Release|Any CPU
		{80CE2CD5-81F2-4174-AEBC-F53A79B246E3}.Release|Any CPU.Build.0 = Release|Any CPU
		{06AF7C18-81D3-434B-8993-9E5ECBD16ED8}.Debug|Any CPU.ActiveCfg = Debug|Any CPU
		{06AF7C18-81D3-434B-8993-9E5ECBD16ED8}.Debug|Any CPU.Build.0 = Debug|Any CPU
		{06AF7C18-81D3-434B-8993-9E5ECBD16ED8}.Release|Any CPU.ActiveCfg = Release|Any CPU
		{06AF7C18-81D3-434B-8993-9E5ECBD16ED8}.Release|Any CPU.Build.0 = Release|Any CPU
		{A3CAD6E3-8327-43CA-A1F0-582C2A10C88B}.Debug|Any CPU.ActiveCfg = Debug|Any CPU
		{A3CAD6E3-8327-43CA-A1F0-582C2A10C88B}.Debug|Any CPU.Build.0 = Debug|Any CPU
		{A3CAD6E3-8327-43CA-A1F0-582C2A10C88B}.Release|Any CPU.ActiveCfg = Release|Any CPU
		{A3CAD6E3-8327-43CA-A1F0-582C2A10C88B}.Release|Any CPU.Build.0 = Release|Any CPU
	EndGlobalSection
	GlobalSection(SolutionProperties) = preSolution
		HideSolutionNode = FALSE
	EndGlobalSection
	GlobalSection(ExtensibilityGlobals) = postSolution
		SolutionGuid = {CFC5BC21-4F00-4FFB-B561-470AE2754BA0}
	EndGlobalSection
EndGlobal
